
Microsoft Visual Studio Solution File, Format Version 12.00
# Visual Studio Version 17
VisualStudioVersion = 17.8.34330.188
MinimumVisualStudioVersion = 10.0.40219.1
Project("{9A19103F-16F7-4668-BE54-9A1E7A4F7556}") = "Game0", "Game0\Game0.csproj", "{13C70092-3E3F-4555-83FB-960F34231224}"
EndProject
Global
	GlobalSection(SolutionConfigurationPlatforms) = preSolution
		Debug|Any CPU = Debug|Any CPU
		Release|Any CPU = Release|Any CPU
	EndGlobalSection
	GlobalSection(ProjectConfigurationPlatforms) = postSolution
		{13C70092-3E3F-4555-83FB-960F34231224}.Debug|Any CPU.ActiveCfg = Debug|Any CPU
		{13C70092-3E3F-4555-83FB-960F34231224}.Debug|Any CPU.Build.0 = Debug|Any CPU
		{13C70092-3E3F-4555-83FB-960F34231224}.Release|Any CPU.ActiveCfg = Release|Any CPU
		{13C70092-3E3F-4555-83FB-960F34231224}.Release|Any CPU.Build.0 = Release|Any CPU
	EndGlobalSection
	GlobalSection(SolutionProperties) = preSolution
		HideSolutionNode = FALSE
	EndGlobalSection
	GlobalSection(ExtensibilityGlobals) = postSolution
		SolutionGuid = {5D5CE3D7-F71E-4BD1-A7ED-7C5424ADA6CC}
	EndGlobalSection
EndGlobal
